
Microsoft Visual Studio Solution File, Format Version 12.00
# Visual Studio 15
VisualStudioVersion = 15.0.28307.168
MinimumVisualStudioVersion = 10.0.40219.1
Project("{FAE04EC0-301F-11D3-BF4B-00C04F79EFBC}") = "Income Comparison Program", "Income Comparison Program\Income Comparison Program.csproj", "{EE2ED0E7-E80C-4207-B4F0-4DD9C4A786D4}"
EndProject
Global
	GlobalSection(SolutionConfigurationPlatforms) = preSolution
		Debug|Any CPU = Debug|Any CPU
		Release|Any CPU = Release|Any CPU
	EndGlobalSection
	GlobalSection(ProjectConfigurationPlatforms) = postSolution
		{EE2ED0E7-E80C-4207-B4F0-4DD9C4A786D4}.Debug|Any CPU.ActiveCfg = Debug|Any CPU
		{EE2ED0E7-E80C-4207-B4F0-4DD9C4A786D4}.Debug|Any CPU.Build.0 = Debug|Any CPU
		{EE2ED0E7-E80C-4207-B4F0-4DD9C4A786D4}.Release|Any CPU.ActiveCfg = Release|Any CPU
		{EE2ED0E7-E80C-4207-B4F0-4DD9C4A786D4}.Release|Any CPU.Build.0 = Release|Any CPU
	EndGlobalSection
	GlobalSection(SolutionProperties) = preSolution
		HideSolutionNode = FALSE
	EndGlobalSection
	GlobalSection(ExtensibilityGlobals) = postSolution
		SolutionGuid = {4BE5ABB1-B2E7-4B84-8DCC-517F18A2DAB1}
	EndGlobalSection
EndGlobal
