
Microsoft Visual Studio Solution File, Format Version 12.00
# Visual Studio 15
VisualStudioVersion = 15.0.28307.168
MinimumVisualStudioVersion = 10.0.40219.1
Project("{FAE04EC0-301F-11D3-BF4B-00C04F79EFBC}") = "ConsoleApp12", "ConsoleApp12\ConsoleApp12.csproj", "{CBBBC4CF-89B7-4515-85E5-E400121AE0DA}"
EndProject
Global
	GlobalSection(SolutionConfigurationPlatforms) = preSolution
		Debug|Any CPU = Debug|Any CPU
		Release|Any CPU = Release|Any CPU
	EndGlobalSection
	GlobalSection(ProjectConfigurationPlatforms) = postSolution
		{CBBBC4CF-89B7-4515-85E5-E400121AE0DA}.Debug|Any CPU.ActiveCfg = Debug|Any CPU
		{CBBBC4CF-89B7-4515-85E5-E400121AE0DA}.Debug|Any CPU.Build.0 = Debug|Any CPU
		{CBBBC4CF-89B7-4515-85E5-E400121AE0DA}.Release|Any CPU.ActiveCfg = Release|Any CPU
		{CBBBC4CF-89B7-4515-85E5-E400121AE0DA}.Release|Any CPU.Build.0 = Release|Any CPU
	EndGlobalSection
	GlobalSection(SolutionProperties) = preSolution
		HideSolutionNode = FALSE
	EndGlobalSection
	GlobalSection(ExtensibilityGlobals) = postSolution
		SolutionGuid = {2E12E27A-BF2B-4B6D-9CF7-BEDED7F7DD58}
	EndGlobalSection
EndGlobal
