
Microsoft Visual Studio Solution File, Format Version 12.00
# Visual Studio 15
VisualStudioVersion = 15.0.28307.168
MinimumVisualStudioVersion = 10.0.40219.1
Project("{FAE04EC0-301F-11D3-BF4B-00C04F79EFBC}") = "ConsoleApp20", "ConsoleApp20\ConsoleApp20.csproj", "{CFB43873-C3C3-4021-AD5E-AEF4C2B63BC0}"
EndProject
Global
	GlobalSection(SolutionConfigurationPlatforms) = preSolution
		Debug|Any CPU = Debug|Any CPU
		Release|Any CPU = Release|Any CPU
	EndGlobalSection
	GlobalSection(ProjectConfigurationPlatforms) = postSolution
		{CFB43873-C3C3-4021-AD5E-AEF4C2B63BC0}.Debug|Any CPU.ActiveCfg = Debug|Any CPU
		{CFB43873-C3C3-4021-AD5E-AEF4C2B63BC0}.Debug|Any CPU.Build.0 = Debug|Any CPU
		{CFB43873-C3C3-4021-AD5E-AEF4C2B63BC0}.Release|Any CPU.ActiveCfg = Release|Any CPU
		{CFB43873-C3C3-4021-AD5E-AEF4C2B63BC0}.Release|Any CPU.Build.0 = Release|Any CPU
	EndGlobalSection
	GlobalSection(SolutionProperties) = preSolution
		HideSolutionNode = FALSE
	EndGlobalSection
	GlobalSection(ExtensibilityGlobals) = postSolution
		SolutionGuid = {FE9934A2-A64D-49B8-A16A-5F990B2A6D8D}
	EndGlobalSection
EndGlobal
