
Microsoft Visual Studio Solution File, Format Version 12.00
# Visual Studio 15
VisualStudioVersion = 15.0.28307.168
MinimumVisualStudioVersion = 10.0.40219.1
Project("{FAE04EC0-301F-11D3-BF4B-00C04F79EFBC}") = "Exercise165", "Exercise165\Exercise165.csproj", "{E17BEA37-E5EC-46DB-BB66-586F072B79B5}"
EndProject
Global
	GlobalSection(SolutionConfigurationPlatforms) = preSolution
		Debug|Any CPU = Debug|Any CPU
		Release|Any CPU = Release|Any CPU
	EndGlobalSection
	GlobalSection(ProjectConfigurationPlatforms) = postSolution
		{E17BEA37-E5EC-46DB-BB66-586F072B79B5}.Debug|Any CPU.ActiveCfg = Debug|Any CPU
		{E17BEA37-E5EC-46DB-BB66-586F072B79B5}.Debug|Any CPU.Build.0 = Debug|Any CPU
		{E17BEA37-E5EC-46DB-BB66-586F072B79B5}.Release|Any CPU.ActiveCfg = Release|Any CPU
		{E17BEA37-E5EC-46DB-BB66-586F072B79B5}.Release|Any CPU.Build.0 = Release|Any CPU
	EndGlobalSection
	GlobalSection(SolutionProperties) = preSolution
		HideSolutionNode = FALSE
	EndGlobalSection
	GlobalSection(ExtensibilityGlobals) = postSolution
		SolutionGuid = {B2E2E744-90C7-4040-9954-7365961B7F7E}
	EndGlobalSection
EndGlobal
