
Microsoft Visual Studio Solution File, Format Version 12.00
# Visual Studio 15
VisualStudioVersion = 15.0.28307.168
MinimumVisualStudioVersion = 10.0.40219.1
Project("{FAE04EC0-301F-11D3-BF4B-00C04F79EFBC}") = "ConsoleApp15", "ConsoleApp15\ConsoleApp15.csproj", "{6380D87E-0629-4D11-BDF4-06CCF36F7A6E}"
EndProject
Global
	GlobalSection(SolutionConfigurationPlatforms) = preSolution
		Debug|Any CPU = Debug|Any CPU
		Release|Any CPU = Release|Any CPU
	EndGlobalSection
	GlobalSection(ProjectConfigurationPlatforms) = postSolution
		{6380D87E-0629-4D11-BDF4-06CCF36F7A6E}.Debug|Any CPU.ActiveCfg = Debug|Any CPU
		{6380D87E-0629-4D11-BDF4-06CCF36F7A6E}.Debug|Any CPU.Build.0 = Debug|Any CPU
		{6380D87E-0629-4D11-BDF4-06CCF36F7A6E}.Release|Any CPU.ActiveCfg = Release|Any CPU
		{6380D87E-0629-4D11-BDF4-06CCF36F7A6E}.Release|Any CPU.Build.0 = Release|Any CPU
	EndGlobalSection
	GlobalSection(SolutionProperties) = preSolution
		HideSolutionNode = FALSE
	EndGlobalSection
	GlobalSection(ExtensibilityGlobals) = postSolution
		SolutionGuid = {CE772813-504E-455D-94DC-1983E93F78C6}
	EndGlobalSection
EndGlobal
