
Microsoft Visual Studio Solution File, Format Version 12.00
# Visual Studio 15
VisualStudioVersion = 15.0.28307.168
MinimumVisualStudioVersion = 10.0.40219.1
Project("{FAE04EC0-301F-11D3-BF4B-00C04F79EFBC}") = "While and WhileDo", "While and WhileDo\While and WhileDo.csproj", "{79E69524-1ADA-4498-B589-E7CCE596794C}"
EndProject
Global
	GlobalSection(SolutionConfigurationPlatforms) = preSolution
		Debug|Any CPU = Debug|Any CPU
		Release|Any CPU = Release|Any CPU
	EndGlobalSection
	GlobalSection(ProjectConfigurationPlatforms) = postSolution
		{79E69524-1ADA-4498-B589-E7CCE596794C}.Debug|Any CPU.ActiveCfg = Debug|Any CPU
		{79E69524-1ADA-4498-B589-E7CCE596794C}.Debug|Any CPU.Build.0 = Debug|Any CPU
		{79E69524-1ADA-4498-B589-E7CCE596794C}.Release|Any CPU.ActiveCfg = Release|Any CPU
		{79E69524-1ADA-4498-B589-E7CCE596794C}.Release|Any CPU.Build.0 = Release|Any CPU
	EndGlobalSection
	GlobalSection(SolutionProperties) = preSolution
		HideSolutionNode = FALSE
	EndGlobalSection
	GlobalSection(ExtensibilityGlobals) = postSolution
		SolutionGuid = {46C5A796-9238-4A91-BC33-3AB191F8E154}
	EndGlobalSection
EndGlobal
