
Microsoft Visual Studio Solution File, Format Version 12.00
# Visual Studio 15
VisualStudioVersion = 15.0.28307.168
MinimumVisualStudioVersion = 10.0.40219.1
Project("{FAE04EC0-301F-11D3-BF4B-00C04F79EFBC}") = "ConsoleApp4", "ConsoleApp4\ConsoleApp4.csproj", "{76E8FDA0-E0EE-49BC-9643-5D2A551BFE68}"
EndProject
Global
	GlobalSection(SolutionConfigurationPlatforms) = preSolution
		Debug|Any CPU = Debug|Any CPU
		Release|Any CPU = Release|Any CPU
	EndGlobalSection
	GlobalSection(ProjectConfigurationPlatforms) = postSolution
		{76E8FDA0-E0EE-49BC-9643-5D2A551BFE68}.Debug|Any CPU.ActiveCfg = Debug|Any CPU
		{76E8FDA0-E0EE-49BC-9643-5D2A551BFE68}.Debug|Any CPU.Build.0 = Debug|Any CPU
		{76E8FDA0-E0EE-49BC-9643-5D2A551BFE68}.Release|Any CPU.ActiveCfg = Release|Any CPU
		{76E8FDA0-E0EE-49BC-9643-5D2A551BFE68}.Release|Any CPU.Build.0 = Release|Any CPU
	EndGlobalSection
	GlobalSection(SolutionProperties) = preSolution
		HideSolutionNode = FALSE
	EndGlobalSection
	GlobalSection(ExtensibilityGlobals) = postSolution
		SolutionGuid = {DF2D0D60-D222-4F76-9952-6772D26B14D9}
	EndGlobalSection
EndGlobal
