
Microsoft Visual Studio Solution File, Format Version 12.00
# Visual Studio 15
VisualStudioVersion = 15.0.28307.168
MinimumVisualStudioVersion = 10.0.40219.1
Project("{FAE04EC0-301F-11D3-BF4B-00C04F79EFBC}") = "Exception Handling", "Exception Handling\Exception Handling.csproj", "{AA7536EB-B9D2-4D61-89A2-34C912DAC604}"
EndProject
Global
	GlobalSection(SolutionConfigurationPlatforms) = preSolution
		Debug|Any CPU = Debug|Any CPU
		Release|Any CPU = Release|Any CPU
	EndGlobalSection
	GlobalSection(ProjectConfigurationPlatforms) = postSolution
		{AA7536EB-B9D2-4D61-89A2-34C912DAC604}.Debug|Any CPU.ActiveCfg = Debug|Any CPU
		{AA7536EB-B9D2-4D61-89A2-34C912DAC604}.Debug|Any CPU.Build.0 = Debug|Any CPU
		{AA7536EB-B9D2-4D61-89A2-34C912DAC604}.Release|Any CPU.ActiveCfg = Release|Any CPU
		{AA7536EB-B9D2-4D61-89A2-34C912DAC604}.Release|Any CPU.Build.0 = Release|Any CPU
	EndGlobalSection
	GlobalSection(SolutionProperties) = preSolution
		HideSolutionNode = FALSE
	EndGlobalSection
	GlobalSection(ExtensibilityGlobals) = postSolution
		SolutionGuid = {3E2270AF-3E2C-4019-B241-183E44E8C150}
	EndGlobalSection
EndGlobal
